
Microsoft Visual Studio Solution File, Format Version 12.00
# Visual Studio 14
VisualStudioVersion = 14.0.24720.0
MinimumVisualStudioVersion = 10.0.40219.1
Project("{8BC9CEB8-8B4A-11D0-8D11-00A0C91BC942}") = "Spelprojekt", "Spelprojekt\Spelprojekt.vcxproj", "{EC463B88-EC95-4243-9EF7-A8AD3912B47D}"
EndProject
Project("{6141683F-8A12-4E36-9623-2EB02B2C2303}") = "Setup1", "Setup1\Setup1.isproj", "{51D25E52-1C87-4D54-B00A-E4255B4D83F5}"
EndProject
Global
	GlobalSection(SolutionConfigurationPlatforms) = preSolution
		CD_ROM|Win32 = CD_ROM|Win32
		Debug|Win32 = Debug|Win32
		DVD-5|Win32 = DVD-5|Win32
		Release|Win32 = Release|Win32
		SingleImage|Win32 = SingleImage|Win32
	EndGlobalSection
	GlobalSection(ProjectConfigurationPlatforms) = postSolution
		{EC463B88-EC95-4243-9EF7-A8AD3912B47D}.CD_ROM|Win32.ActiveCfg = Release|Win32
		{EC463B88-EC95-4243-9EF7-A8AD3912B47D}.CD_ROM|Win32.Build.0 = Release|Win32
		{EC463B88-EC95-4243-9EF7-A8AD3912B47D}.Debug|Win32.ActiveCfg = Debug|Win32
		{EC463B88-EC95-4243-9EF7-A8AD3912B47D}.Debug|Win32.Build.0 = Debug|Win32
		{EC463B88-EC95-4243-9EF7-A8AD3912B47D}.DVD-5|Win32.ActiveCfg = Debug|Win32
		{EC463B88-EC95-4243-9EF7-A8AD3912B47D}.DVD-5|Win32.Build.0 = Debug|Win32
		{EC463B88-EC95-4243-9EF7-A8AD3912B47D}.Release|Win32.ActiveCfg = Release|Win32
		{EC463B88-EC95-4243-9EF7-A8AD3912B47D}.Release|Win32.Build.0 = Release|Win32
		{EC463B88-EC95-4243-9EF7-A8AD3912B47D}.SingleImage|Win32.ActiveCfg = Release|Win32
		{EC463B88-EC95-4243-9EF7-A8AD3912B47D}.SingleImage|Win32.Build.0 = Release|Win32
		{51D25E52-1C87-4D54-B00A-E4255B4D83F5}.CD_ROM|Win32.ActiveCfg = CD_ROM
		{51D25E52-1C87-4D54-B00A-E4255B4D83F5}.CD_ROM|Win32.Build.0 = CD_ROM
		{51D25E52-1C87-4D54-B00A-E4255B4D83F5}.Debug|Win32.ActiveCfg = DVD-5
		{51D25E52-1C87-4D54-B00A-E4255B4D83F5}.Debug|Win32.Build.0 = DVD-5
		{51D25E52-1C87-4D54-B00A-E4255B4D83F5}.DVD-5|Win32.ActiveCfg = DVD-5
		{51D25E52-1C87-4D54-B00A-E4255B4D83F5}.DVD-5|Win32.Build.0 = DVD-5
		{51D25E52-1C87-4D54-B00A-E4255B4D83F5}.Release|Win32.ActiveCfg = SingleImage
		{51D25E52-1C87-4D54-B00A-E4255B4D83F5}.Release|Win32.Build.0 = SingleImage
		{51D25E52-1C87-4D54-B00A-E4255B4D83F5}.SingleImage|Win32.ActiveCfg = SingleImage
		{51D25E52-1C87-4D54-B00A-E4255B4D83F5}.SingleImage|Win32.Build.0 = SingleImage
	EndGlobalSection
	GlobalSection(SolutionProperties) = preSolution
		HideSolutionNode = FALSE
	EndGlobalSection
EndGlobal
