<?xml version="1.0" encoding="utf-8"?>
<Project ToolsVersion="4.0" xmlns="http://schemas.microsoft.com/developer/msbuild/2003">
  <ItemGroup>
    <Filter Include="Source Files">
      <UniqueIdentifier>{4FC737F1-C7A5-4376-A066-2A32D752A2FF}</UniqueIdentifier>
      <Extensions>cpp;c;cc;cxx;def;odl;idl;hpj;bat;asm;asmx</Extensions>
    </Filter>
    <Filter Include="Header Files">
      <UniqueIdentifier>{93995380-89BD-4b04-88EB-625FBE52EBFB}</UniqueIdentifier>
      <Extensions>h;hh;hpp;hxx;hm;inl;inc;xsd</Extensions>
    </Filter>
    <Filter Include="Resource Files">
      <UniqueIdentifier>{67DA6AB6-F800-4c08-8B7A-83BB121AAD01}</UniqueIdentifier>
      <Extensions>rc;ico;cur;bmp;dlg;rc2;rct;bin;rgs;gif;jpg;jpeg;jpe;resx;tiff;tif;png;wav;mfcribbon-ms</Extensions>
    </Filter>
    <Filter Include="Debug/Release">
      <UniqueIdentifier>{734200a6-759f-4d74-83bb-04d14bce0151}</UniqueIdentifier>
    </Filter>
    <Filter Include="Maps">
      <UniqueIdentifier>{9a7aa834-aca9-44e2-90c6-8321fd43249f}</UniqueIdentifier>
    </Filter>
    <Filter Include="Header Files\Static Objects">
      <UniqueIdentifier>{834d9a3b-093b-43c9-8cb6-9b590bb607eb}</UniqueIdentifier>
    </Filter>
    <Filter Include="Source Files\Static Objects">
      <UniqueIdentifier>{fb7cd6b6-c1bd-4e2b-8e17-87722390d3f3}</UniqueIdentifier>
    </Filter>
    <Filter Include="Source Files\Tools">
      <UniqueIdentifier>{cc2cf5e7-7921-4aae-8c11-a817195fc8b9}</UniqueIdentifier>
    </Filter>
    <Filter Include="Source Files\Tools\Lawnmower">
      <UniqueIdentifier>{fe0f2ad4-8096-4f23-aa78-25a33476458d}</UniqueIdentifier>
    </Filter>
    <Filter Include="Source Files\Tools\Hedge Cutter">
      <UniqueIdentifier>{f2851081-0bc0-4aeb-8d41-c643d7677c5c}</UniqueIdentifier>
    </Filter>
    <Filter Include="Header Files\Tools">
      <UniqueIdentifier>{ae59b311-4b19-44dc-9e3a-53efd02facfb}</UniqueIdentifier>
    </Filter>
    <Filter Include="Header Files\Tools\Lawnmower">
      <UniqueIdentifier>{b59f6a63-8916-47c8-afc8-3fa8f7add9c1}</UniqueIdentifier>
    </Filter>
    <Filter Include="Header Files\Tools\Hedge Cutter">
      <UniqueIdentifier>{3c585e28-bb7f-4850-b79f-e719afa6a725}</UniqueIdentifier>
    </Filter>
    <Filter Include="Header Files\Menu">
      <UniqueIdentifier>{9e1e467f-a7b4-4fa2-8fed-1938b6b29cad}</UniqueIdentifier>
    </Filter>
    <Filter Include="Source Files\Menu">
      <UniqueIdentifier>{e07e6b78-1784-457c-b05d-a6d2ec4c2d62}</UniqueIdentifier>
    </Filter>
    <Filter Include="Resource Files\Sprites">
      <UniqueIdentifier>{a8860124-544e-4cab-b748-effad888f501}</UniqueIdentifier>
    </Filter>
    <Filter Include="Resource Files\Music">
      <UniqueIdentifier>{0a2173f2-2317-408c-8225-c1cdb1cf70a6}</UniqueIdentifier>
    </Filter>
    <Filter Include="Resource Files\Fonts">
      <UniqueIdentifier>{f04e99ee-3054-49b1-a229-f892edf8730d}</UniqueIdentifier>
    </Filter>
    <Filter Include="Header Files\Characters">
      <UniqueIdentifier>{d76b7703-7187-4022-9ef4-b0d95a6fc28b}</UniqueIdentifier>
    </Filter>
    <Filter Include="Source Files\Characters">
      <UniqueIdentifier>{32007768-7e68-4c5a-845a-426c828bb256}</UniqueIdentifier>
    </Filter>
    <Filter Include="Resource Files\Sound">
      <UniqueIdentifier>{0c6b55a8-68bf-4810-8933-88363e81203d}</UniqueIdentifier>
    </Filter>
  </ItemGroup>
  <ItemGroup>
    <ClCompile Include="Main.cpp">
      <Filter>Source Files</Filter>
    </ClCompile>
    <ClCompile Include="Map1.cpp">
      <Filter>Source Files</Filter>
    </ClCompile>
    <ClCompile Include="Maps.cpp">
      <Filter>Source Files</Filter>
    </ClCompile>
    <ClCompile Include="MusicManager.cpp">
      <Filter>Source Files</Filter>
    </ClCompile>
    <ClCompile Include="gameState.cpp">
      <Filter>Source Files</Filter>
    </ClCompile>
    <ClCompile Include="Characters\Character.cpp">
      <Filter>Source Files\Characters</Filter>
    </ClCompile>
    <ClCompile Include="Characters\CharPatrol.cpp">
      <Filter>Source Files\Characters</Filter>
    </ClCompile>
    <ClCompile Include="Characters\CharRand.cpp">
      <Filter>Source Files\Characters</Filter>
    </ClCompile>
    <ClCompile Include="Characters\Player.cpp">
      <Filter>Source Files\Characters</Filter>
    </ClCompile>
    <ClCompile Include="Menu\inGameMenu.cpp">
      <Filter>Source Files\Menu</Filter>
    </ClCompile>
    <ClCompile Include="Menu\menu.cpp">
      <Filter>Source Files\Menu</Filter>
    </ClCompile>
    <ClCompile Include="Menu\optionMenu.cpp">
      <Filter>Source Files\Menu</Filter>
    </ClCompile>
    <ClCompile Include="Menu\startMenu.cpp">
      <Filter>Source Files\Menu</Filter>
    </ClCompile>
    <ClCompile Include="Static Objects\Fence.cpp">
      <Filter>Source Files\Static Objects</Filter>
    </ClCompile>
    <ClCompile Include="Static Objects\Grass.cpp">
      <Filter>Source Files\Static Objects</Filter>
    </ClCompile>
    <ClCompile Include="Static Objects\StaticObjects.cpp">
      <Filter>Source Files\Static Objects</Filter>
    </ClCompile>
    <ClCompile Include="Static Objects\Stone.cpp">
      <Filter>Source Files\Static Objects</Filter>
    </ClCompile>
    <ClCompile Include="Static Objects\Tree.cpp">
      <Filter>Source Files\Static Objects</Filter>
    </ClCompile>
    <ClCompile Include="Tools\Lawnmower\BaseMower.cpp">
      <Filter>Source Files\Tools\Lawnmower</Filter>
    </ClCompile>
    <ClCompile Include="Tools\Lawnmower\DecMower.cpp">
      <Filter>Source Files\Tools\Lawnmower</Filter>
    </ClCompile>
    <ClCompile Include="Tools\Lawnmower\GoLawnMower.cpp">
      <Filter>Source Files\Tools\Lawnmower</Filter>
    </ClCompile>
    <ClCompile Include="Tools\Lawnmower\LawnMower.cpp">
      <Filter>Source Files\Tools\Lawnmower</Filter>
    </ClCompile>
    <ClCompile Include="Tools\Lawnmower\RoyceMower.cpp">
      <Filter>Source Files\Tools\Lawnmower</Filter>
    </ClCompile>
    <ClCompile Include="gameState.cpp">
      <Filter>Source Files\Menu</Filter>
    </ClCompile>
    <ClCompile Include="SoundManager.cpp">
      <Filter>Source Files</Filter>
    </ClCompile>
    <ClCompile Include="Tools\Hedge Cutter\BaseShears.cpp">
      <Filter>Source Files\Tools\Hedge Cutter</Filter>
    </ClCompile>
    <ClCompile Include="Tools\Hedge Cutter\HedgeCutter.cpp">
      <Filter>Source Files\Tools\Hedge Cutter</Filter>
    </ClCompile>
    <ClCompile Include="Static Objects\Hedge.cpp">
      <Filter>Source Files\Static Objects</Filter>
    </ClCompile>
    <ClCompile Include="Menu\GameOverMenu.cpp">
      <Filter>Source Files\Menu</Filter>
    </ClCompile>
    <ClCompile Include="Menu\ToolSelectMenu.cpp">
      <Filter>Source Files\Menu</Filter>
    </ClCompile>
    <ClCompile Include="Menu\WinMenu.cpp">
      <Filter>Source Files\Menu</Filter>
    </ClCompile>
  </ItemGroup>
  <ItemGroup>
    <ClInclude Include="Map1.h">
      <Filter>Header Files</Filter>
    </ClInclude>
    <ClInclude Include="Maps.h">
      <Filter>Header Files</Filter>
    </ClInclude>
    <ClInclude Include="MusicManager.h">
      <Filter>Header Files</Filter>
    </ClInclude>
    <ClInclude Include="Characters\CharPatrol.h">
      <Filter>Header Files\Characters</Filter>
    </ClInclude>
    <ClInclude Include="Characters\CharRand.h">
      <Filter>Header Files\Characters</Filter>
    </ClInclude>
    <ClInclude Include="Characters\Player.h">
      <Filter>Header Files\Characters</Filter>
    </ClInclude>
    <ClInclude Include="Menu\inGameMenu.h">
      <Filter>Header Files\Menu</Filter>
    </ClInclude>
    <ClInclude Include="Menu\menu.h">
      <Filter>Header Files\Menu</Filter>
    </ClInclude>
    <ClInclude Include="Menu\optionMenu.h">
      <Filter>Header Files\Menu</Filter>
    </ClInclude>
    <ClInclude Include="Menu\startMenu.h">
      <Filter>Header Files\Menu</Filter>
    </ClInclude>
    <ClInclude Include="Static Objects\Fence.h">
      <Filter>Header Files\Static Objects</Filter>
    </ClInclude>
    <ClInclude Include="Static Objects\Grass.h">
      <Filter>Header Files\Static Objects</Filter>
    </ClInclude>
    <ClInclude Include="Static Objects\StaticObjects.h">
      <Filter>Header Files\Static Objects</Filter>
    </ClInclude>
    <ClInclude Include="Static Objects\Stone.h">
      <Filter>Header Files\Static Objects</Filter>
    </ClInclude>
    <ClInclude Include="Static Objects\Tree.h">
      <Filter>Header Files\Static Objects</Filter>
    </ClInclude>
    <ClInclude Include="Tools\Lawnmower\BaseMower.h">
      <Filter>Header Files\Tools\Lawnmower</Filter>
    </ClInclude>
    <ClInclude Include="Tools\Lawnmower\DecMower.h">
      <Filter>Header Files\Tools\Lawnmower</Filter>
    </ClInclude>
    <ClInclude Include="Tools\Lawnmower\GoLawnMower.h">
      <Filter>Header Files\Tools\Lawnmower</Filter>
    </ClInclude>
    <ClInclude Include="Tools\Lawnmower\LawnMower.h">
      <Filter>Header Files\Tools\Lawnmower</Filter>
    </ClInclude>
    <ClInclude Include="Tools\Lawnmower\RoyceMower.h">
      <Filter>Header Files\Tools\Lawnmower</Filter>
    </ClInclude>
    <ClInclude Include="Tools\Hedge Cutter\BaseShears.h">
      <Filter>Header Files\Tools\Hedge Cutter</Filter>
    </ClInclude>
    <ClInclude Include="Tools\Hedge Cutter\HedgeCutter.h">
      <Filter>Header Files\Tools\Hedge Cutter</Filter>
    </ClInclude>
    <ClInclude Include="SoundManager.h">
      <Filter>Header Files</Filter>
    </ClInclude>
    <ClInclude Include="Characters\Character.h">
      <Filter>Header Files\Characters</Filter>
    </ClInclude>
    <ClInclude Include="gameState.h">
      <Filter>Header Files</Filter>
    </ClInclude>
    <ClInclude Include="Static Objects\Hedge.h">
      <Filter>Header Files\Static Objects</Filter>
    </ClInclude>
    <ClInclude Include="Menu\GameOverMenu.h">
      <Filter>Header Files\Menu</Filter>
    </ClInclude>
    <ClInclude Include="Menu\ToolSelectMenu.h">
      <Filter>Header Files\Menu</Filter>
    </ClInclude>
    <ClInclude Include="Menu\WinMenu.h">
      <Filter>Header Files\Menu</Filter>
    </ClInclude>
  </ItemGroup>
  <ItemGroup>
    <None Include="..\Release\Spelprojekt.pdb">
      <Filter>Debug/Release</Filter>
    </None>
    <None Include="..\Debug\openal32.dll">
      <Filter>Debug/Release</Filter>
    </None>
    <None Include="..\Release\openal32.dll">
      <Filter>Debug/Release</Filter>
    </None>
    <None Include="..\Release\sfml-audio-2.dll">
      <Filter>Debug/Release</Filter>
    </None>
    <None Include="..\Debug\sfml-audio-d-2.dll">
      <Filter>Debug/Release</Filter>
    </None>
    <None Include="..\Release\sfml-graphics-2.dll">
      <Filter>Debug/Release</Filter>
    </None>
    <None Include="..\Debug\sfml-graphics-d-2.dll">
      <Filter>Debug/Release</Filter>
    </None>
    <None Include="..\Release\sfml-system-2.dll">
      <Filter>Debug/Release</Filter>
    </None>
    <None Include="..\Debug\sfml-system-d-2.dll">
      <Filter>Debug/Release</Filter>
    </None>
    <None Include="..\Release\sfml-window-2.dll">
      <Filter>Debug/Release</Filter>
    </None>
    <None Include="..\Debug\sfml-window-d-2.dll">
      <Filter>Debug/Release</Filter>
    </None>
    <None Include="..\Debug\Spelprojekt.exe">
      <Filter>Debug/Release</Filter>
    </None>
    <None Include="..\Release\Spelprojekt.exe">
      <Filter>Debug/Release</Filter>
    </None>
    <None Include="..\Debug\Spelprojekt.ilk">
      <Filter>Debug/Release</Filter>
    </None>
    <None Include="..\Debug\Spelprojekt.pdb">
      <Filter>Debug/Release</Filter>
    </None>
    <None Include="Resource Files\Music\test1.flac">
      <Filter>Resource Files\Music</Filter>
    </None>
    <None Include="Resource Files\Sound\kollision_sten.flac">
      <Filter>Resource Files\Sound</Filter>
    </None>
    <None Include="Resource Files\Sound\kollision_vas.flac">
      <Filter>Resource Files\Sound</Filter>
    </None>
  </ItemGroup>
  <ItemGroup>
    <Image Include="Resource Files\Sprites\3D_0000_tree.png">
      <Filter>Resource Files\Sprites</Filter>
    </Image>
    <Image Include="Resource Files\Sprites\cat.png">
      <Filter>Resource Files\Sprites</Filter>
    </Image>
    <Image Include="Resource Files\Sprites\cutgrass.png">
      <Filter>Resource Files\Sprites</Filter>
    </Image>
    <Image Include="Resource Files\Sprites\deputy.png">
      <Filter>Resource Files\Sprites</Filter>
    </Image>
    <Image Include="Resource Files\Sprites\dog.png">
      <Filter>Resource Files\Sprites</Filter>
    </Image>
    <Image Include="Resource Files\Sprites\fence_01.png">
      <Filter>Resource Files\Sprites</Filter>
    </Image>
    <Image Include="Resource Files\Sprites\grass.png">
      <Filter>Resource Files\Sprites</Filter>
    </Image>
    <Image Include="Resource Files\Sprites\meep.png">
      <Filter>Resource Files\Sprites</Filter>
    </Image>
    <Image Include="Resource Files\Sprites\stone.png">
      <Filter>Resource Files\Sprites</Filter>
    </Image>
    <Image Include="Resource Files\Sprites\tree.png">
      <Filter>Resource Files\Sprites</Filter>
    </Image>
  </ItemGroup>
  <ItemGroup>
    <Font Include="Resource Files\Fonts\arial.ttf">
      <Filter>Resource Files\Fonts</Filter>
    </Font>
  </ItemGroup>
  <ItemGroup>
    <Text Include="Maps\map1.txt">
      <Filter>Maps</Filter>
    </Text>
    <Text Include="Maps\map2.txt">
      <Filter>Maps</Filter>
    </Text>
  </ItemGroup>
</Project>