<?xml version="1.0" encoding="utf-8"?>
<Project ToolsVersion="4.0" xmlns="http://schemas.microsoft.com/developer/msbuild/2003">
  <ItemGroup>
    <Filter Include="Source Files">
      <UniqueIdentifier>{4FC737F1-C7A5-4376-A066-2A32D752A2FF}</UniqueIdentifier>
      <Extensions>cpp;c;cc;cxx;def;odl;idl;hpj;bat;asm;asmx</Extensions>
    </Filter>
    <Filter Include="Header Files">
      <UniqueIdentifier>{93995380-89BD-4b04-88EB-625FBE52EBFB}</UniqueIdentifier>
      <Extensions>h;hh;hpp;hxx;hm;inl;inc;xsd</Extensions>
    </Filter>
    <Filter Include="Resource Files">
      <UniqueIdentifier>{67DA6AB6-F800-4c08-8B7A-83BB121AAD01}</UniqueIdentifier>
      <Extensions>rc;ico;cur;bmp;dlg;rc2;rct;bin;rgs;gif;jpg;jpeg;jpe;resx;tiff;tif;png;wav;mfcribbon-ms</Extensions>
    </Filter>
    <Filter Include="Debug/Release">
      <UniqueIdentifier>{734200a6-759f-4d74-83bb-04d14bce0151}</UniqueIdentifier>
    </Filter>
    <Filter Include="Source Files\Characters %28PC/NPC%29">
      <UniqueIdentifier>{32007768-7e68-4c5a-845a-426c828bb256}</UniqueIdentifier>
    </Filter>
    <Filter Include="Header Files\Characters %28PC/NPC%29">
      <UniqueIdentifier>{d76b7703-7187-4022-9ef4-b0d95a6fc28b}</UniqueIdentifier>
    </Filter>
    <Filter Include="Maps">
      <UniqueIdentifier>{9a7aa834-aca9-44e2-90c6-8321fd43249f}</UniqueIdentifier>
    </Filter>
    <Filter Include="Header Files\Static Objects">
      <UniqueIdentifier>{834d9a3b-093b-43c9-8cb6-9b590bb607eb}</UniqueIdentifier>
    </Filter>
    <Filter Include="Source Files\Static Objects">
      <UniqueIdentifier>{fb7cd6b6-c1bd-4e2b-8e17-87722390d3f3}</UniqueIdentifier>
    </Filter>
    <Filter Include="Source Files\Tools">
      <UniqueIdentifier>{cc2cf5e7-7921-4aae-8c11-a817195fc8b9}</UniqueIdentifier>
    </Filter>
    <Filter Include="Source Files\Tools\Lawnmower">
      <UniqueIdentifier>{fe0f2ad4-8096-4f23-aa78-25a33476458d}</UniqueIdentifier>
    </Filter>
    <Filter Include="Source Files\Tools\Hedge Cutter">
      <UniqueIdentifier>{f2851081-0bc0-4aeb-8d41-c643d7677c5c}</UniqueIdentifier>
    </Filter>
    <Filter Include="Header Files\Tools">
      <UniqueIdentifier>{ae59b311-4b19-44dc-9e3a-53efd02facfb}</UniqueIdentifier>
    </Filter>
    <Filter Include="Header Files\Tools\Lawnmower">
      <UniqueIdentifier>{b59f6a63-8916-47c8-afc8-3fa8f7add9c1}</UniqueIdentifier>
    </Filter>
    <Filter Include="Header Files\Tools\Hedge Cutter">
      <UniqueIdentifier>{3c585e28-bb7f-4850-b79f-e719afa6a725}</UniqueIdentifier>
    </Filter>
  </ItemGroup>
  <ItemGroup>
    <ClCompile Include="Main.cpp">
      <Filter>Source Files</Filter>
    </ClCompile>
    <ClCompile Include="Map1.cpp">
      <Filter>Source Files</Filter>
    </ClCompile>
    <ClCompile Include="Maps.cpp">
      <Filter>Source Files</Filter>
    </ClCompile>
    <ClCompile Include="MusicManager.cpp">
      <Filter>Source Files</Filter>
    </ClCompile>
    <ClCompile Include="Character.cpp">
      <Filter>Source Files\Characters %28PC/NPC%29</Filter>
    </ClCompile>
    <ClCompile Include="CharPatrol.cpp">
      <Filter>Source Files\Characters %28PC/NPC%29</Filter>
    </ClCompile>
    <ClCompile Include="CharRand.cpp">
      <Filter>Source Files\Characters %28PC/NPC%29</Filter>
    </ClCompile>
    <ClCompile Include="Player.cpp">
      <Filter>Source Files\Characters %28PC/NPC%29</Filter>
    </ClCompile>
    <ClCompile Include="Fence.cpp">
      <Filter>Source Files\Static Objects</Filter>
    </ClCompile>
    <ClCompile Include="Grass.cpp">
      <Filter>Source Files\Static Objects</Filter>
    </ClCompile>
    <ClCompile Include="Tree.cpp">
      <Filter>Source Files\Static Objects</Filter>
    </ClCompile>
    <ClCompile Include="Stone.cpp">
      <Filter>Source Files\Static Objects</Filter>
    </ClCompile>
    <ClCompile Include="StaticObjects.cpp">
      <Filter>Source Files\Static Objects</Filter>
    </ClCompile>
    <ClCompile Include="BaseMower.cpp">
      <Filter>Source Files\Tools\Lawnmower</Filter>
    </ClCompile>
    <ClCompile Include="DecMower.cpp">
      <Filter>Source Files\Tools\Lawnmower</Filter>
    </ClCompile>
    <ClCompile Include="GoLawnMower.cpp">
      <Filter>Source Files\Tools\Lawnmower</Filter>
    </ClCompile>
    <ClCompile Include="LawnMower.cpp">
      <Filter>Source Files\Tools\Lawnmower</Filter>
    </ClCompile>
    <ClCompile Include="RoyceMower.cpp">
      <Filter>Source Files\Tools\Lawnmower</Filter>
    </ClCompile>
    <ClCompile Include="BaseShears.cpp">
      <Filter>Source Files\Tools\Hedge Cutter</Filter>
    </ClCompile>
    <ClCompile Include="HedgeCutter.cpp">
      <Filter>Source Files\Tools\Hedge Cutter</Filter>
    </ClCompile>
    <ClCompile Include="gameState.cpp">
      <Filter>Source Files</Filter>
    </ClCompile>
    <ClCompile Include="inGameMenu.cpp">
      <Filter>Source Files</Filter>
    </ClCompile>
    <ClCompile Include="menu.cpp">
      <Filter>Source Files</Filter>
    </ClCompile>
    <ClCompile Include="optionMenu.cpp">
      <Filter>Source Files</Filter>
    </ClCompile>
    <ClCompile Include="startMenu.cpp">
      <Filter>Source Files</Filter>
    </ClCompile>
  </ItemGroup>
  <ItemGroup>
    <ClInclude Include="Map1.h">
      <Filter>Header Files</Filter>
    </ClInclude>
    <ClInclude Include="Maps.h">
      <Filter>Header Files</Filter>
    </ClInclude>
    <ClInclude Include="MusicManager.h">
      <Filter>Header Files</Filter>
    </ClInclude>
    <ClInclude Include="Character.h">
      <Filter>Header Files\Characters %28PC/NPC%29</Filter>
    </ClInclude>
    <ClInclude Include="CharPatrol.h">
      <Filter>Header Files\Characters %28PC/NPC%29</Filter>
    </ClInclude>
    <ClInclude Include="CharRand.h">
      <Filter>Header Files\Characters %28PC/NPC%29</Filter>
    </ClInclude>
    <ClInclude Include="Player.h">
      <Filter>Header Files\Characters %28PC/NPC%29</Filter>
    </ClInclude>
    <ClInclude Include="StaticObjects.h">
      <Filter>Header Files\Static Objects</Filter>
    </ClInclude>
    <ClInclude Include="Stone.h">
      <Filter>Header Files\Static Objects</Filter>
    </ClInclude>
    <ClInclude Include="Tree.h">
      <Filter>Header Files\Static Objects</Filter>
    </ClInclude>
    <ClInclude Include="Grass.h">
      <Filter>Header Files\Static Objects</Filter>
    </ClInclude>
    <ClInclude Include="Fence.h">
      <Filter>Header Files\Static Objects</Filter>
    </ClInclude>
    <ClInclude Include="BaseMower.h">
      <Filter>Header Files\Tools\Lawnmower</Filter>
    </ClInclude>
    <ClInclude Include="DecMower.h">
      <Filter>Header Files\Tools\Lawnmower</Filter>
    </ClInclude>
    <ClInclude Include="GoLawnMower.h">
      <Filter>Header Files\Tools\Lawnmower</Filter>
    </ClInclude>
    <ClInclude Include="LawnMower.h">
      <Filter>Header Files\Tools\Lawnmower</Filter>
    </ClInclude>
    <ClInclude Include="RoyceMower.h">
      <Filter>Header Files\Tools\Lawnmower</Filter>
    </ClInclude>
    <ClInclude Include="HedgeCutter.h">
      <Filter>Header Files\Tools\Hedge Cutter</Filter>
    </ClInclude>
    <ClInclude Include="BaseShears.h">
      <Filter>Header Files\Tools\Hedge Cutter</Filter>
    </ClInclude>
    <ClInclude Include="gameState.h">
      <Filter>Header Files</Filter>
    </ClInclude>
    <ClInclude Include="inGameMenu.h">
      <Filter>Header Files</Filter>
    </ClInclude>
    <ClInclude Include="menu.h">
      <Filter>Header Files</Filter>
    </ClInclude>
    <ClInclude Include="optionMenu.h">
      <Filter>Header Files</Filter>
    </ClInclude>
    <ClInclude Include="startMenu.h">
      <Filter>Header Files</Filter>
    </ClInclude>
  </ItemGroup>
  <ItemGroup>
    <Image Include="cat.png">
      <Filter>Resource Files</Filter>
    </Image>
    <Image Include="deputy.png">
      <Filter>Resource Files</Filter>
    </Image>
    <Image Include="dog.png">
      <Filter>Resource Files</Filter>
    </Image>
    <Image Include="fence_01.png">
      <Filter>Resource Files</Filter>
    </Image>
    <Image Include="grass.png">
      <Filter>Resource Files</Filter>
    </Image>
    <Image Include="meep.png">
      <Filter>Resource Files</Filter>
    </Image>
    <Image Include="stone.png">
      <Filter>Resource Files</Filter>
    </Image>
    <Image Include="test.png">
      <Filter>Resource Files</Filter>
    </Image>
  </ItemGroup>
  <ItemGroup>
    <None Include="test1.flac">
      <Filter>Resource Files</Filter>
    </None>
    <None Include="..\Release\Spelprojekt.pdb">
      <Filter>Debug/Release</Filter>
    </None>
    <None Include="..\Debug\openal32.dll">
      <Filter>Debug/Release</Filter>
    </None>
    <None Include="..\Release\openal32.dll">
      <Filter>Debug/Release</Filter>
    </None>
    <None Include="..\Release\sfml-audio-2.dll">
      <Filter>Debug/Release</Filter>
    </None>
    <None Include="..\Debug\sfml-audio-d-2.dll">
      <Filter>Debug/Release</Filter>
    </None>
    <None Include="..\Release\sfml-graphics-2.dll">
      <Filter>Debug/Release</Filter>
    </None>
    <None Include="..\Debug\sfml-graphics-d-2.dll">
      <Filter>Debug/Release</Filter>
    </None>
    <None Include="..\Release\sfml-system-2.dll">
      <Filter>Debug/Release</Filter>
    </None>
    <None Include="..\Debug\sfml-system-d-2.dll">
      <Filter>Debug/Release</Filter>
    </None>
    <None Include="..\Release\sfml-window-2.dll">
      <Filter>Debug/Release</Filter>
    </None>
    <None Include="..\Debug\sfml-window-d-2.dll">
      <Filter>Debug/Release</Filter>
    </None>
    <None Include="..\Debug\Spelprojekt.exe">
      <Filter>Debug/Release</Filter>
    </None>
    <None Include="..\Release\Spelprojekt.exe">
      <Filter>Debug/Release</Filter>
    </None>
    <None Include="..\Debug\Spelprojekt.ilk">
      <Filter>Debug/Release</Filter>
    </None>
    <None Include="..\Debug\Spelprojekt.pdb">
      <Filter>Debug/Release</Filter>
    </None>
  </ItemGroup>
  <ItemGroup>
    <Text Include="map1.txt">
      <Filter>Maps</Filter>
    </Text>
  </ItemGroup>
  <ItemGroup>
    <Font Include="arial.ttf" />
  </ItemGroup>
</Project>